
Microsoft Visual Studio Solution File, Format Version 12.00
# Visual Studio Version 17
VisualStudioVersion = 17.5.002.0
MinimumVisualStudioVersion = 10.0.40219.1
Project("{9A19103F-16F7-4668-BE54-9A1E7A4F7556}") = "LWController", "LWController.csproj", "{A3FA981F-0F38-4331-8547-16C2F8730CC5}"
EndProject
Global
	GlobalSection(SolutionConfigurationPlatforms) = preSolution
		Debug|Any CPU = Debug|Any CPU
		Release|Any CPU = Release|Any CPU
	EndGlobalSection
	GlobalSection(ProjectConfigurationPlatforms) = postSolution
		{A3FA981F-0F38-4331-8547-16C2F8730CC5}.Debug|Any CPU.ActiveCfg = Debug|Any CPU
		{A3FA981F-0F38-4331-8547-16C2F8730CC5}.Debug|Any CPU.Build.0 = Debug|Any CPU
		{A3FA981F-0F38-4331-8547-16C2F8730CC5}.Release|Any CPU.ActiveCfg = Release|Any CPU
		{A3FA981F-0F38-4331-8547-16C2F8730CC5}.Release|Any CPU.Build.0 = Release|Any CPU
	EndGlobalSection
	GlobalSection(SolutionProperties) = preSolution
		HideSolutionNode = FALSE
	EndGlobalSection
	GlobalSection(ExtensibilityGlobals) = postSolution
		SolutionGuid = {B1C79532-A199-4872-B3D2-8ABD945F5FE5}
	EndGlobalSection
EndGlobal
